
Microsoft Visual Studio Solution File, Format Version 12.00
# Visual Studio Version 18
VisualStudioVersion = 18.3.11218.70
MinimumVisualStudioVersion = 10.0.40219.1
Project("{9A19103F-16F7-4668-BE54-9A1E7A4F7556}") = "MazeLibrary", "MazeLibrary\MazeLibrary.csproj", "{87B9FEBA-8B7D-4A24-9F33-7246384ECEA8}"
EndProject
Project("{2150E333-8FDC-42A3-9474-1A3956D46DE8}") = "AbstractFacrotry", "AbstractFacrotry", "{89C5C745-F6F1-4C3D-A07A-CB372F7FD120}"
EndProject
Project("{9A19103F-16F7-4668-BE54-9A1E7A4F7556}") = "Abstractfactory", "Abstractfactory\Abstractfactory.csproj", "{250A0DF3-2C1C-44F9-8666-4C6EF74C57AE}"
EndProject
Project("{9A19103F-16F7-4668-BE54-9A1E7A4F7556}") = "Program", "Program\Program.csproj", "{6A65DBFC-B31D-481E-8427-F6FC0718F6BD}"
EndProject
Project("{2150E333-8FDC-42A3-9474-1A3956D46DE8}") = "Maze Builder", "Maze Builder", "{90F123A4-1D99-48FD-B848-4B325F3D8071}"
EndProject
Project("{9A19103F-16F7-4668-BE54-9A1E7A4F7556}") = "Builder", "Builder\Builder.csproj", "{F421683B-E753-4E4F-8C49-60164ED146BE}"
EndProject
Project("{2150E333-8FDC-42A3-9474-1A3956D46DE8}") = "Maze Factory Method", "Maze Factory Method", "{8346B212-C17A-49A1-9353-76B37D972269}"
EndProject
Project("{9A19103F-16F7-4668-BE54-9A1E7A4F7556}") = "MazeFactoryMethod", "MazeFactoryMethod\MazeFactoryMethod.csproj", "{163906EF-ADEE-463F-8A4A-F080C35EE780}"
EndProject
Project("{2150E333-8FDC-42A3-9474-1A3956D46DE8}") = "Maze Prototype", "Maze Prototype", "{F2343FA8-D275-4897-BBA4-669CDC449D1E}"
EndProject
Project("{9A19103F-16F7-4668-BE54-9A1E7A4F7556}") = "Prototype", "Prototype\Prototype.csproj", "{D534654C-F49C-44BF-A25D-8A3BE97FEE17}"
EndProject
Project("{2150E333-8FDC-42A3-9474-1A3956D46DE8}") = "Maze Singletone", "Maze Singletone", "{D605E1C8-4D6D-4FA2-A862-5F2D557BB8F5}"
EndProject
Project("{9A19103F-16F7-4668-BE54-9A1E7A4F7556}") = "Singlton", "MazeSingltoneFactory\Singlton.csproj", "{C65EFF51-8380-419D-9949-67E11593B64C}"
EndProject
Project("{2150E333-8FDC-42A3-9474-1A3956D46DE8}") = "Adapter", "Adapter", "{8D42E1C0-750E-451A-858F-5D89EF4A8AA1}"
EndProject
Project("{9A19103F-16F7-4668-BE54-9A1E7A4F7556}") = "Adapter", "Adapter\Adapter.csproj", "{DF5F11A6-80BC-48DB-B1A8-58C87C73D71C}"
EndProject
Project("{9A19103F-16F7-4668-BE54-9A1E7A4F7556}") = "Bridge", "Bridge\Bridge.csproj", "{E7E387B4-7908-4324-9DA6-7CCF99CADC39}"
EndProject
Project("{2150E333-8FDC-42A3-9474-1A3956D46DE8}") = "Bridge", "Bridge", "{3E5EA763-4ABD-4B2E-85AF-4B7C42EAB326}"
EndProject
Project("{2150E333-8FDC-42A3-9474-1A3956D46DE8}") = "Composite", "Composite", "{9C104030-5469-45D5-B043-FDFEC2F95770}"
EndProject
Project("{9A19103F-16F7-4668-BE54-9A1E7A4F7556}") = "Composite", "Composite\Composite.csproj", "{DA9034B6-9A34-4268-B1D6-4B602635C0BA}"
EndProject
Project("{2150E333-8FDC-42A3-9474-1A3956D46DE8}") = "Decorator", "Decorator", "{F659BEFE-74AB-4377-8E3F-1F0DE2BF349A}"
EndProject
Project("{FAE04EC0-301F-11D3-BF4B-00C04F79EFBC}") = "Decorator", "Decorator\Decorator.csproj", "{6CF39834-106C-4EE7-A228-06F56E910525}"
EndProject
Project("{2150E333-8FDC-42A3-9474-1A3956D46DE8}") = "Facade", "Facade", "{AAECFD21-121E-41B6-B34B-96A1278DFF16}"
EndProject
Project("{FAE04EC0-301F-11D3-BF4B-00C04F79EFBC}") = "Facade", "Facade\Facade.csproj", "{CA684C6D-E556-4BE7-A3F1-5B28300B054A}"
EndProject
Project("{2150E333-8FDC-42A3-9474-1A3956D46DE8}") = "Proxy", "Proxy", "{9CBCC26C-8964-4862-BF25-FDC131C918C4}"
EndProject
Project("{FAE04EC0-301F-11D3-BF4B-00C04F79EFBC}") = "Proxy", "Proxy\Proxy.csproj", "{E27C7E45-D02A-46D1-A7F5-FA36E5F158FB}"
EndProject
Project("{2150E333-8FDC-42A3-9474-1A3956D46DE8}") = "Chain of Responsibility", "Chain of Responsibility", "{47FD9F02-1A77-47BB-9099-5D593458344B}"
EndProject
Project("{FAE04EC0-301F-11D3-BF4B-00C04F79EFBC}") = "ChainOfResponsibility", "Chain of Responsibility\ChainOfResponsibility.csproj", "{01C09AA9-A56A-4B48-938F-19F88A5BDC12}"
EndProject
Project("{2150E333-8FDC-42A3-9474-1A3956D46DE8}") = "Command", "Command", "{21122B8F-387A-4FB9-8BE5-F4175E4FDC63}"
EndProject
Project("{FAE04EC0-301F-11D3-BF4B-00C04F79EFBC}") = "Command", "Command\Command.csproj", "{B9F2F93F-D471-4C47-8265-65095A29DB58}"
EndProject
Project("{2150E333-8FDC-42A3-9474-1A3956D46DE8}") = "Mediator", "Mediator", "{67AC5DF6-05A5-4C3E-8B93-BA8985EB9CF8}"
EndProject
Project("{FAE04EC0-301F-11D3-BF4B-00C04F79EFBC}") = "Mediator", "Mediator\Mediator.csproj", "{92288756-4189-488A-A8E5-2D5ECBD8F4E4}"
EndProject
Project("{2150E333-8FDC-42A3-9474-1A3956D46DE8}") = "Memento", "Memento", "{E44741B4-3AEB-4FB7-A5C3-222AB30895E1}"
EndProject
Project("{FAE04EC0-301F-11D3-BF4B-00C04F79EFBC}") = "Memento", "Memento\Memento.csproj", "{59A3908B-E698-4631-96C7-F73B38FB8104}"
EndProject
Global
	GlobalSection(SolutionConfigurationPlatforms) = preSolution
		Debug|Any CPU = Debug|Any CPU
		Release|Any CPU = Release|Any CPU
	EndGlobalSection
	GlobalSection(ProjectConfigurationPlatforms) = postSolution
		{87B9FEBA-8B7D-4A24-9F33-7246384ECEA8}.Debug|Any CPU.ActiveCfg = Debug|Any CPU
		{87B9FEBA-8B7D-4A24-9F33-7246384ECEA8}.Debug|Any CPU.Build.0 = Debug|Any CPU
		{87B9FEBA-8B7D-4A24-9F33-7246384ECEA8}.Release|Any CPU.ActiveCfg = Release|Any CPU
		{87B9FEBA-8B7D-4A24-9F33-7246384ECEA8}.Release|Any CPU.Build.0 = Release|Any CPU
		{250A0DF3-2C1C-44F9-8666-4C6EF74C57AE}.Debug|Any CPU.ActiveCfg = Debug|Any CPU
		{250A0DF3-2C1C-44F9-8666-4C6EF74C57AE}.Debug|Any CPU.Build.0 = Debug|Any CPU
		{250A0DF3-2C1C-44F9-8666-4C6EF74C57AE}.Release|Any CPU.ActiveCfg = Release|Any CPU
		{250A0DF3-2C1C-44F9-8666-4C6EF74C57AE}.Release|Any CPU.Build.0 = Release|Any CPU
		{6A65DBFC-B31D-481E-8427-F6FC0718F6BD}.Debug|Any CPU.ActiveCfg = Debug|Any CPU
		{6A65DBFC-B31D-481E-8427-F6FC0718F6BD}.Debug|Any CPU.Build.0 = Debug|Any CPU
		{6A65DBFC-B31D-481E-8427-F6FC0718F6BD}.Release|Any CPU.ActiveCfg = Release|Any CPU
		{6A65DBFC-B31D-481E-8427-F6FC0718F6BD}.Release|Any CPU.Build.0 = Release|Any CPU
		{F421683B-E753-4E4F-8C49-60164ED146BE}.Debug|Any CPU.ActiveCfg = Debug|Any CPU
		{F421683B-E753-4E4F-8C49-60164ED146BE}.Debug|Any CPU.Build.0 = Debug|Any CPU
		{F421683B-E753-4E4F-8C49-60164ED146BE}.Release|Any CPU.ActiveCfg = Release|Any CPU
		{F421683B-E753-4E4F-8C49-60164ED146BE}.Release|Any CPU.Build.0 = Release|Any CPU
		{163906EF-ADEE-463F-8A4A-F080C35EE780}.Debug|Any CPU.ActiveCfg = Debug|Any CPU
		{163906EF-ADEE-463F-8A4A-F080C35EE780}.Debug|Any CPU.Build.0 = Debug|Any CPU
		{163906EF-ADEE-463F-8A4A-F080C35EE780}.Release|Any CPU.ActiveCfg = Release|Any CPU
		{163906EF-ADEE-463F-8A4A-F080C35EE780}.Release|Any CPU.Build.0 = Release|Any CPU
		{D534654C-F49C-44BF-A25D-8A3BE97FEE17}.Debug|Any CPU.ActiveCfg = Debug|Any CPU
		{D534654C-F49C-44BF-A25D-8A3BE97FEE17}.Debug|Any CPU.Build.0 = Debug|Any CPU
		{D534654C-F49C-44BF-A25D-8A3BE97FEE17}.Release|Any CPU.ActiveCfg = Release|Any CPU
		{D534654C-F49C-44BF-A25D-8A3BE97FEE17}.Release|Any CPU.Build.0 = Release|Any CPU
		{C65EFF51-8380-419D-9949-67E11593B64C}.Debug|Any CPU.ActiveCfg = Debug|Any CPU
		{C65EFF51-8380-419D-9949-67E11593B64C}.Debug|Any CPU.Build.0 = Debug|Any CPU
		{C65EFF51-8380-419D-9949-67E11593B64C}.Release|Any CPU.ActiveCfg = Release|Any CPU
		{C65EFF51-8380-419D-9949-67E11593B64C}.Release|Any CPU.Build.0 = Release|Any CPU
		{DF5F11A6-80BC-48DB-B1A8-58C87C73D71C}.Debug|Any CPU.ActiveCfg = Debug|Any CPU
		{DF5F11A6-80BC-48DB-B1A8-58C87C73D71C}.Debug|Any CPU.Build.0 = Debug|Any CPU
		{DF5F11A6-80BC-48DB-B1A8-58C87C73D71C}.Release|Any CPU.ActiveCfg = Release|Any CPU
		{DF5F11A6-80BC-48DB-B1A8-58C87C73D71C}.Release|Any CPU.Build.0 = Release|Any CPU
		{E7E387B4-7908-4324-9DA6-7CCF99CADC39}.Debug|Any CPU.ActiveCfg = Debug|Any CPU
		{E7E387B4-7908-4324-9DA6-7CCF99CADC39}.Debug|Any CPU.Build.0 = Debug|Any CPU
		{E7E387B4-7908-4324-9DA6-7CCF99CADC39}.Release|Any CPU.ActiveCfg = Release|Any CPU
		{E7E387B4-7908-4324-9DA6-7CCF99CADC39}.Release|Any CPU.Build.0 = Release|Any CPU
		{DA9034B6-9A34-4268-B1D6-4B602635C0BA}.Debug|Any CPU.ActiveCfg = Debug|Any CPU
		{DA9034B6-9A34-4268-B1D6-4B602635C0BA}.Debug|Any CPU.Build.0 = Debug|Any CPU
		{DA9034B6-9A34-4268-B1D6-4B602635C0BA}.Release|Any CPU.ActiveCfg = Release|Any CPU
		{DA9034B6-9A34-4268-B1D6-4B602635C0BA}.Release|Any CPU.Build.0 = Release|Any CPU
		{6CF39834-106C-4EE7-A228-06F56E910525}.Debug|Any CPU.ActiveCfg = Debug|Any CPU
		{6CF39834-106C-4EE7-A228-06F56E910525}.Debug|Any CPU.Build.0 = Debug|Any CPU
		{6CF39834-106C-4EE7-A228-06F56E910525}.Release|Any CPU.ActiveCfg = Release|Any CPU
		{6CF39834-106C-4EE7-A228-06F56E910525}.Release|Any CPU.Build.0 = Release|Any CPU
		{CA684C6D-E556-4BE7-A3F1-5B28300B054A}.Debug|Any CPU.ActiveCfg = Debug|Any CPU
		{CA684C6D-E556-4BE7-A3F1-5B28300B054A}.Debug|Any CPU.Build.0 = Debug|Any CPU
		{CA684C6D-E556-4BE7-A3F1-5B28300B054A}.Release|Any CPU.ActiveCfg = Release|Any CPU
		{CA684C6D-E556-4BE7-A3F1-5B28300B054A}.Release|Any CPU.Build.0 = Release|Any CPU
		{E27C7E45-D02A-46D1-A7F5-FA36E5F158FB}.Debug|Any CPU.ActiveCfg = Debug|Any CPU
		{E27C7E45-D02A-46D1-A7F5-FA36E5F158FB}.Debug|Any CPU.Build.0 = Debug|Any CPU
		{E27C7E45-D02A-46D1-A7F5-FA36E5F158FB}.Release|Any CPU.ActiveCfg = Release|Any CPU
		{E27C7E45-D02A-46D1-A7F5-FA36E5F158FB}.Release|Any CPU.Build.0 = Release|Any CPU
		{01C09AA9-A56A-4B48-938F-19F88A5BDC12}.Debug|Any CPU.ActiveCfg = Debug|Any CPU
		{01C09AA9-A56A-4B48-938F-19F88A5BDC12}.Debug|Any CPU.Build.0 = Debug|Any CPU
		{01C09AA9-A56A-4B48-938F-19F88A5BDC12}.Release|Any CPU.ActiveCfg = Release|Any CPU
		{01C09AA9-A56A-4B48-938F-19F88A5BDC12}.Release|Any CPU.Build.0 = Release|Any CPU
		{B9F2F93F-D471-4C47-8265-65095A29DB58}.Debug|Any CPU.ActiveCfg = Debug|Any CPU
		{B9F2F93F-D471-4C47-8265-65095A29DB58}.Debug|Any CPU.Build.0 = Debug|Any CPU
		{B9F2F93F-D471-4C47-8265-65095A29DB58}.Release|Any CPU.ActiveCfg = Release|Any CPU
		{B9F2F93F-D471-4C47-8265-65095A29DB58}.Release|Any CPU.Build.0 = Release|Any CPU
		{92288756-4189-488A-A8E5-2D5ECBD8F4E4}.Debug|Any CPU.ActiveCfg = Debug|Any CPU
		{92288756-4189-488A-A8E5-2D5ECBD8F4E4}.Debug|Any CPU.Build.0 = Debug|Any CPU
		{92288756-4189-488A-A8E5-2D5ECBD8F4E4}.Release|Any CPU.ActiveCfg = Release|Any CPU
		{92288756-4189-488A-A8E5-2D5ECBD8F4E4}.Release|Any CPU.Build.0 = Release|Any CPU
		{59A3908B-E698-4631-96C7-F73B38FB8104}.Debug|Any CPU.ActiveCfg = Debug|Any CPU
		{59A3908B-E698-4631-96C7-F73B38FB8104}.Debug|Any CPU.Build.0 = Debug|Any CPU
		{59A3908B-E698-4631-96C7-F73B38FB8104}.Release|Any CPU.ActiveCfg = Release|Any CPU
		{59A3908B-E698-4631-96C7-F73B38FB8104}.Release|Any CPU.Build.0 = Release|Any CPU
	EndGlobalSection
	GlobalSection(SolutionProperties) = preSolution
		HideSolutionNode = FALSE
	EndGlobalSection
	GlobalSection(NestedProjects) = preSolution
		{250A0DF3-2C1C-44F9-8666-4C6EF74C57AE} = {89C5C745-F6F1-4C3D-A07A-CB372F7FD120}
		{6A65DBFC-B31D-481E-8427-F6FC0718F6BD} = {89C5C745-F6F1-4C3D-A07A-CB372F7FD120}
		{F421683B-E753-4E4F-8C49-60164ED146BE} = {90F123A4-1D99-48FD-B848-4B325F3D8071}
		{163906EF-ADEE-463F-8A4A-F080C35EE780} = {8346B212-C17A-49A1-9353-76B37D972269}
		{D534654C-F49C-44BF-A25D-8A3BE97FEE17} = {F2343FA8-D275-4897-BBA4-669CDC449D1E}
		{C65EFF51-8380-419D-9949-67E11593B64C} = {D605E1C8-4D6D-4FA2-A862-5F2D557BB8F5}
		{DF5F11A6-80BC-48DB-B1A8-58C87C73D71C} = {8D42E1C0-750E-451A-858F-5D89EF4A8AA1}
		{E7E387B4-7908-4324-9DA6-7CCF99CADC39} = {3E5EA763-4ABD-4B2E-85AF-4B7C42EAB326}
		{DA9034B6-9A34-4268-B1D6-4B602635C0BA} = {9C104030-5469-45D5-B043-FDFEC2F95770}
		{6CF39834-106C-4EE7-A228-06F56E910525} = {F659BEFE-74AB-4377-8E3F-1F0DE2BF349A}
		{CA684C6D-E556-4BE7-A3F1-5B28300B054A} = {AAECFD21-121E-41B6-B34B-96A1278DFF16}
		{E27C7E45-D02A-46D1-A7F5-FA36E5F158FB} = {9CBCC26C-8964-4862-BF25-FDC131C918C4}
		{01C09AA9-A56A-4B48-938F-19F88A5BDC12} = {47FD9F02-1A77-47BB-9099-5D593458344B}
		{B9F2F93F-D471-4C47-8265-65095A29DB58} = {21122B8F-387A-4FB9-8BE5-F4175E4FDC63}
		{92288756-4189-488A-A8E5-2D5ECBD8F4E4} = {67AC5DF6-05A5-4C3E-8B93-BA8985EB9CF8}
		{59A3908B-E698-4631-96C7-F73B38FB8104} = {E44741B4-3AEB-4FB7-A5C3-222AB30895E1}
	EndGlobalSection
	GlobalSection(ExtensibilityGlobals) = postSolution
		SolutionGuid = {6D0562F9-5F0A-4D2C-901A-A0FD8433E1BB}
	EndGlobalSection
EndGlobal
